
Microsoft Visual Studio Solution File, Format Version 12.00
# Visual Studio Version 17
VisualStudioVersion = 17.0.32014.148
MinimumVisualStudioVersion = 10.0.40219.1
Project("{9A19103F-16F7-4668-BE54-9A1E7A4F7556}") = "InterfacesAndTestability", "InterfacesAndTestability\InterfacesAndTestability.csproj", "{00F05794-EA96-411D-A78A-B374D0D308C9}"
EndProject
Project("{FAE04EC0-301F-11D3-BF4B-00C04F79EFBC}") = "InterfacesAndTestability.UnitTests", "InterfacesAndTestability.UnitTests\InterfacesAndTestability.UnitTests.csproj", "{9E8DBC86-0868-4CA9-A6CA-CF0B9893EC80}"
EndProject
Global
	GlobalSection(SolutionConfigurationPlatforms) = preSolution
		Debug|Any CPU = Debug|Any CPU
		Release|Any CPU = Release|Any CPU
	EndGlobalSection
	GlobalSection(ProjectConfigurationPlatforms) = postSolution
		{00F05794-EA96-411D-A78A-B374D0D308C9}.Debug|Any CPU.ActiveCfg = Debug|Any CPU
		{00F05794-EA96-411D-A78A-B374D0D308C9}.Debug|Any CPU.Build.0 = Debug|Any CPU
		{00F05794-EA96-411D-A78A-B374D0D308C9}.Release|Any CPU.ActiveCfg = Release|Any CPU
		{00F05794-EA96-411D-A78A-B374D0D308C9}.Release|Any CPU.Build.0 = Release|Any CPU
		{9E8DBC86-0868-4CA9-A6CA-CF0B9893EC80}.Debug|Any CPU.ActiveCfg = Debug|Any CPU
		{9E8DBC86-0868-4CA9-A6CA-CF0B9893EC80}.Debug|Any CPU.Build.0 = Debug|Any CPU
		{9E8DBC86-0868-4CA9-A6CA-CF0B9893EC80}.Release|Any CPU.ActiveCfg = Release|Any CPU
		{9E8DBC86-0868-4CA9-A6CA-CF0B9893EC80}.Release|Any CPU.Build.0 = Release|Any CPU
	EndGlobalSection
	GlobalSection(SolutionProperties) = preSolution
		HideSolutionNode = FALSE
	EndGlobalSection
	GlobalSection(ExtensibilityGlobals) = postSolution
		SolutionGuid = {1E93CAD1-C2D3-4DDA-A8A3-29E1C95EC788}
	EndGlobalSection
EndGlobal
